#MicroXplorer Configuration settings - do not modify
File.Version=6
MxCube.Version=6.15.0
MxDb.Version=DB.6.0.150
Mcu.Family=STM32H7
Mcu.Name=STM32H7B0VBTx
Mcu.Package=LQFP100
Mcu.UserName=STM32H7B0VBTx
Mcu.CPN=STM32H7B0VBT6
Mcu.IP0=CORTEX_M7
Mcu.IP1=FATFS
Mcu.IP2=MEMORYMAP
Mcu.IP3=NVIC
Mcu.IP4=RCC
Mcu.IP5=SDMMC1
Mcu.IP6=SYS
Mcu.IP7=USB_DEVICE
Mcu.IP8=USB_OTG_HS
Mcu.IPNb=9
Mcu.Pin0=PC8
Mcu.Pin1=PC9
Mcu.Pin2=PC10
Mcu.Pin3=PC11
Mcu.Pin4=PC12
Mcu.Pin5=PD2
Mcu.Pin6=PC13
Mcu.Pin7=PC15
Mcu.Pin8=PA11
Mcu.Pin9=PA12
Mcu.Pin10=PH0-OSC_IN
Mcu.Pin11=PH1-OSC_OUT
Mcu.Pin12=PC15-OSC32_OUT
Mcu.Pin13=VP_FATFS_VS_SDIO
Mcu.Pin14=VP_SYS_VS_Systick
Mcu.Pin15=VP_USB_DEVICE_VS_USB_DEVICE_CUSTOM_HID_HS
Mcu.Pin16=VP_MEMORYMAP_VS_MEMORYMAP
Mcu.PinsNb=17